
Microsoft Visual Studio Solution File, Format Version 12.00
# Visual Studio 15
Project("{FAE04EC0-301F-11D3-BF4B-00C04F79EFBC}") = "Assembly-CSharp", "Assembly-CSharp.csproj", "{5C096679-5527-4579-7FDF-8D24743B084C}"
EndProject
Project("{FAE04EC0-301F-11D3-BF4B-00C04F79EFBC}") = "Assembly-CSharp-firstpass", "Assembly-CSharp-firstpass.csproj", "{F7660353-CDAF-97A5-A174-D5D536C5531D}"
EndProject
Global
	GlobalSection(SolutionConfigurationPlatforms) = preSolution
		Debug|Any CPU = Debug|Any CPU
		Release|Any CPU = Release|Any CPU
	EndGlobalSection
	GlobalSection(ProjectConfigurationPlatforms) = postSolution
		{5C096679-5527-4579-7FDF-8D24743B084C}.Debug|Any CPU.ActiveCfg = Debug|Any CPU
		{5C096679-5527-4579-7FDF-8D24743B084C}.Debug|Any CPU.Build.0 = Debug|Any CPU
		{5C096679-5527-4579-7FDF-8D24743B084C}.Release|Any CPU.ActiveCfg = Release|Any CPU
		{5C096679-5527-4579-7FDF-8D24743B084C}.Release|Any CPU.Build.0 = Release|Any CPU
		{F7660353-CDAF-97A5-A174-D5D536C5531D}.Debug|Any CPU.ActiveCfg = Debug|Any CPU
		{F7660353-CDAF-97A5-A174-D5D536C5531D}.Debug|Any CPU.Build.0 = Debug|Any CPU
		{F7660353-CDAF-97A5-A174-D5D536C5531D}.Release|Any CPU.ActiveCfg = Release|Any CPU
		{F7660353-CDAF-97A5-A174-D5D536C5531D}.Release|Any CPU.Build.0 = Release|Any CPU
	EndGlobalSection
	GlobalSection(SolutionProperties) = preSolution
		HideSolutionNode = FALSE
	EndGlobalSection
EndGlobal
